// !$*UTF8*$!
{
	archiveVersion = 1;
	classes = {
	};
	objectVersion = 50;
	objects = {

/* Begin PBXBuildFile section */
		ADF43917264FE7880032FAD6 /* NoomitpadApp.swift in Sources */ = {isa = PBXBuildFile; fileRef = ADF43916264FE7880032FAD6 /* NoomitpadApp.swift */; };
		ADF43919264FE7880032FAD6 /* ContentView.swift in Sources */ = {isa = PBXBuildFile; fileRef = ADF43918264FE7880032FAD6 /* ContentView.swift */; };
		ADF4391B264FE78C0032FAD6 /* Assets.xcassets in Resources */ = {isa = PBXBuildFile; fileRef = ADF4391A264FE78C0032FAD6 /* Assets.xcassets */; };
		ADF4391E264FE78C0032FAD6 /* Preview Assets.xcassets in Resources */ = {isa = PBXBuildFile; fileRef = ADF4391D264FE78C0032FAD6 /* Preview Assets.xcassets */; };
		ADF43929264FE78D0032FAD6 /* NoomitpadTests.swift in Sources */ = {isa = PBXBuildFile; fileRef = ADF43928264FE78D0032FAD6 /* NoomitpadTests.swift */; };
		ADF43934264FE78D0032FAD6 /* NoomitpadUITests.swift in Sources */ = {isa = PBXBuildFile; fileRef = ADF43933264FE78D0032FAD6 /* NoomitpadUITests.swift */; };
/* End PBXBuildFile section */

/* Begin PBXContainerItemProxy section */
		ADF43925264FE78D0032FAD6 /* PBXContainerItemProxy */ = {
			isa = PBXContainerItemProxy;
			containerPortal = ADF4390B264FE7880032FAD6 /* Project object */;
			proxyType = 1;
			remoteGlobalIDString = ADF43912264FE7880032FAD6;
			remoteInfo = Noomitpad;
		};
		ADF43930264FE78D0032FAD6 /* PBXContainerItemProxy */ = {
			isa = PBXContainerItemProxy;
			containerPortal = ADF4390B264FE7880032FAD6 /* Project object */;
			proxyType = 1;
			remoteGlobalIDString = ADF43912264FE7880032FAD6;
			remoteInfo = Noomitpad;
		};
/* End PBXContainerItemProxy section */

/* Begin PBXFileReference section */
		ADF43913264FE7880032FAD6 /* Noomitpad.app */ = {isa = PBXFileReference; explicitFileType = wrapper.application; includeInIndex = 0; path = Noomitpad.app; sourceTree = BUILT_PRODUCTS_DIR; };
		ADF43916264FE7880032FAD6 /* NoomitpadApp.swift */ = {isa = PBXFileReference; lastKnownFileType = sourcecode.swift; path = NoomitpadApp.swift; sourceTree = "<group>"; };
		ADF43918264FE7880032FAD6 /* ContentView.swift */ = {isa = PBXFileReference; lastKnownFileType = sourcecode.swift; path = ContentView.swift; sourceTree = "<group>"; };
		ADF4391A264FE78C0032FAD6 /* Assets.xcassets */ = {isa = PBXFileReference; lastKnownFileType = folder.assetcatalog; path = Assets.xcassets; sourceTree = "<group>"; };
		ADF4391D264FE78C0032FAD6 /* Preview Assets.xcassets */ = {isa = PBXFileReference; lastKnownFileType = folder.assetcatalog; path = "Preview Assets.xcassets"; sourceTree = "<group>"; };
		ADF4391F264FE78C0032FAD6 /* Info.plist */ = {isa = PBXFileReference; lastKnownFileType = text.plist.xml; path = Info.plist; sourceTree = "<group>"; };
		ADF43924264FE78D0032FAD6 /* NoomitpadTests.xctest */ = {isa = PBXFileReference; explicitFileType = wrapper.cfbundle; includeInIndex = 0; path = NoomitpadTests.xctest; sourceTree = BUILT_PRODUCTS_DIR; };
		ADF43928264FE78D0032FAD6 /* NoomitpadTests.swift */ = {isa = PBXFileReference; lastKnownFileType = sourcecode.swift; path = NoomitpadTests.swift; sourceTree = "<group>"; };
		ADF4392A264FE78D0032FAD6 /* Info.plist */ = {isa = PBXFileReference; lastKnownFileType = text.plist.xml; path = Info.plist; sourceTree = "<group>"; };
		ADF4392F264FE78D0032FAD6 /* NoomitpadUITests.xctest */ = {isa = PBXFileReference; explicitFileType = wrapper.cfbundle; includeInIndex = 0; path = NoomitpadUITests.xctest; sourceTree = BUILT_PRODUCTS_DIR; };
		ADF43933264FE78D0032FAD6 /* NoomitpadUITests.swift */ = {isa = PBXFileReference; lastKnownFileType = sourcecode.swift; path = NoomitpadUITests.swift; sourceTree = "<group>"; };
		ADF43935264FE78D0032FAD6 /* Info.plist */ = {isa = PBXFileReference; lastKnownFileType = text.plist.xml; path = Info.plist; sourceTree = "<group>"; };
/* End PBXFileReference section */

/* Begin PBXFrameworksBuildPhase section */
		ADF43910264FE7880032FAD6 /* Frameworks */ = {
			isa = PBXFrameworksBuildPhase;
			buildActionMask = 2147483647;
			files = (
			);
			runOnlyForDeploymentPostprocessing = 0;
		};
		ADF43921264FE78D0032FAD6 /* Frameworks */ = {
			isa = PBXFrameworksBuildPhase;
			buildActionMask = 2147483647;
			files = (
			);
			runOnlyForDeploymentPostprocessing = 0;
		};
		ADF4392C264FE78D0032FAD6 /* Frameworks */ = {
			isa = PBXFrameworksBuildPhase;
			buildActionMask = 2147483647;
			files = (
			);
			runOnlyForDeploymentPostprocessing = 0;
		};
/* End PBXFrameworksBuildPhase section */

/* Begin PBXGroup section */
		ADF4390A264FE7880032FAD6 = {
			isa = PBXGroup;
			children = (
				ADF43915264FE7880032FAD6 /* Noomitpad */,
				ADF43927264FE78D0032FAD6 /* NoomitpadTests */,
				ADF43932264FE78D0032FAD6 /* NoomitpadUITests */,
				ADF43914264FE7880032FAD6 /* Products */,
			);
			sourceTree = "<group>";
		};
		ADF43914264FE7880032FAD6 /* Products */ = {
			isa = PBXGroup;
			children = (
				ADF43913264FE7880032FAD6 /* Noomitpad.app */,
				ADF43924264FE78D0032FAD6 /* NoomitpadTests.xctest */,
				ADF4392F264FE78D0032FAD6 /* NoomitpadUITests.xctest */,
			);
			name = Products;
			sourceTree = "<group>";
		};
		ADF43915264FE7880032FAD6 /* Noomitpad */ = {
			isa = PBXGroup;
			children = (
				ADF43916264FE7880032FAD6 /* NoomitpadApp.swift */,
				ADF43918264FE7880032FAD6 /* ContentView.swift */,
				ADF4391A264FE78C0032FAD6 /* Assets.xcassets */,
				ADF4391F264FE78C0032FAD6 /* Info.plist */,
				ADF4391C264FE78C0032FAD6 /* Preview Content */,
			);
			path = Noomitpad;
			sourceTree = "<group>";
		};
		ADF4391C264FE78C0032FAD6 /* Preview Content */ = {
			isa = PBXGroup;
			children = (
				ADF4391D264FE78C0032FAD6 /* Preview Assets.xcassets */,
			);
			path = "Preview Content";
			sourceTree = "<group>";
		};
		ADF43927264FE78D0032FAD6 /* NoomitpadTests */ = {
			isa = PBXGroup;
			children = (
				ADF43928264FE78D0032FAD6 /* NoomitpadTests.swift */,
				ADF4392A264FE78D0032FAD6 /* Info.plist */,
			);
			path = NoomitpadTests;
			sourceTree = "<group>";
		};
		ADF43932264FE78D0032FAD6 /* NoomitpadUITests */ = {
			isa = PBXGroup;
			children = (
				ADF43933264FE78D0032FAD6 /* NoomitpadUITests.swift */,
				ADF43935264FE78D0032FAD6 /* Info.plist */,
			);
			path = NoomitpadUITests;
			sourceTree = "<group>";
		};
/* End PBXGroup section */

/* Begin PBXNativeTarget section */
		ADF43912264FE7880032FAD6 /* Noomitpad */ = {
			isa = PBXNativeTarget;
			buildConfigurationList = ADF43938264FE78D0032FAD6 /* Build configuration list for PBXNativeTarget "Noomitpad" */;
			buildPhases = (
				ADF4390F264FE7880032FAD6 /* Sources */,
				ADF43910264FE7880032FAD6 /* Frameworks */,
				ADF43911264FE7880032FAD6 /* Resources */,
			);
			buildRules = (
			);
			dependencies = (
			);
			name = Noomitpad;
			productName = Noomitpad;
			productReference = ADF43913264FE7880032FAD6 /* Noomitpad.app */;
			productType = "com.apple.product-type.application";
		};
		ADF43923264FE78D0032FAD6 /* NoomitpadTests */ = {
			isa = PBXNativeTarget;
			buildConfigurationList = ADF4393B264FE78D0032FAD6 /* Build configuration list for PBXNativeTarget "NoomitpadTests" */;
			buildPhases = (
				ADF43920264FE78D0032FAD6 /* Sources */,
				ADF43921264FE78D0032FAD6 /* Frameworks */,
				ADF43922264FE78D0032FAD6 /* Resources */,
			);
			buildRules = (
			);
			dependencies = (
				ADF43926264FE78D0032FAD6 /* PBXTargetDependency */,
			);
			name = NoomitpadTests;
			productName = NoomitpadTests;
			productReference = ADF43924264FE78D0032FAD6 /* NoomitpadTests.xctest */;
			productType = "com.apple.product-type.bundle.unit-test";
		};
		ADF4392E264FE78D0032FAD6 /* NoomitpadUITests */ = {
			isa = PBXNativeTarget;
			buildConfigurationList = ADF4393E264FE78D0032FAD6 /* Build configuration list for PBXNativeTarget "NoomitpadUITests" */;
			buildPhases = (
				ADF4392B264FE78D0032FAD6 /* Sources */,
				ADF4392C264FE78D0032FAD6 /* Frameworks */,
				ADF4392D264FE78D0032FAD6 /* Resources */,
			);
			buildRules = (
			);
			dependencies = (
				ADF43931264FE78D0032FAD6 /* PBXTargetDependency */,
			);
			name = NoomitpadUITests;
			productName = NoomitpadUITests;
			productReference = ADF4392F264FE78D0032FAD6 /* NoomitpadUITests.xctest */;
			productType = "com.apple.product-type.bundle.ui-testing";
		};
/* End PBXNativeTarget section */

/* Begin PBXProject section */
		ADF4390B264FE7880032FAD6 /* Project object */ = {
			isa = PBXProject;
			attributes = {
				LastSwiftUpdateCheck = 1240;
				LastUpgradeCheck = 1240;
				TargetAttributes = {
					ADF43912264FE7880032FAD6 = {
						CreatedOnToolsVersion = 12.4;
					};
					ADF43923264FE78D0032FAD6 = {
						CreatedOnToolsVersion = 12.4;
						TestTargetID = ADF43912264FE7880032FAD6;
					};
					ADF4392E264FE78D0032FAD6 = {
						CreatedOnToolsVersion = 12.4;
						TestTargetID = ADF43912264FE7880032FAD6;
					};
				};
			};
			buildConfigurationList = ADF4390E264FE7880032FAD6 /* Build configuration list for PBXProject "Noomitpad" */;
			compatibilityVersion = "Xcode 9.3";
			developmentRegion = en;
			hasScannedForEncodings = 0;
			knownRegions = (
				en,
				Base,
			);
			mainGroup = ADF4390A264FE7880032FAD6;
			productRefGroup = ADF43914264FE7880032FAD6 /* Products */;
			projectDirPath = "";
			projectRoot = "";
			targets = (
				ADF43912264FE7880032FAD6 /* Noomitpad */,
				ADF43923264FE78D0032FAD6 /* NoomitpadTests */,
				ADF4392E264FE78D0032FAD6 /* NoomitpadUITests */,
			);
		};
/* End PBXProject section */

/* Begin PBXResourcesBuildPhase section */
		ADF43911264FE7880032FAD6 /* Resources */ = {
			isa = PBXResourcesBuildPhase;
			buildActionMask = 2147483647;
			files = (
				ADF4391E264FE78C0032FAD6 /* Preview Assets.xcassets in Resources */,
				ADF4391B264FE78C0032FAD6 /* Assets.xcassets in Resources */,
			);
			runOnlyForDeploymentPostprocessing = 0;
		};
		ADF43922264FE78D0032FAD6 /* Resources */ = {
			isa = PBXResourcesBuildPhase;
			buildActionMask = 2147483647;
			files = (
			);
			runOnlyForDeploymentPostprocessing = 0;
		};
		ADF4392D264FE78D0032FAD6 /* Resources */ = {
			isa = PBXResourcesBuildPhase;
			buildActionMask = 2147483647;
			files = (
			);
			runOnlyForDeploymentPostprocessing = 0;
		};
/* End PBXResourcesBuildPhase section */

/* Begin PBXSourcesBuildPhase section */
		ADF4390F264FE7880032FAD6 /* Sources */ = {
			isa = PBXSourcesBuildPhase;
			buildActionMask = 2147483647;
			files = (
				ADF43919264FE7880032FAD6 /* ContentView.swift in Sources */,
				ADF43917264FE7880032FAD6 /* NoomitpadApp.swift in Sources */,
			);
			runOnlyForDeploymentPostprocessing = 0;
		};
		ADF43920264FE78D0032FAD6 /* Sources */ = {
			isa = PBXSourcesBuildPhase;
			buildActionMask = 2147483647;
			files = (
				ADF43929264FE78D0032FAD6 /* NoomitpadTests.swift in Sources */,
			);
			runOnlyForDeploymentPostprocessing = 0;
		};
		ADF4392B264FE78D0032FAD6 /* Sources */ = {
			isa = PBXSourcesBuildPhase;
			buildActionMask = 2147483647;
			files = (
				ADF43934264FE78D0032FAD6 /* NoomitpadUITests.swift in Sources */,
			);
			runOnlyForDeploymentPostprocessing = 0;
		};
/* End PBXSourcesBuildPhase section */

/* Begin PBXTargetDependency section */
		ADF43926264FE78D0032FAD6 /* PBXTargetDependency */ = {
			isa = PBXTargetDependency;
			target = ADF43912264FE7880032FAD6 /* Noomitpad */;
			targetProxy = ADF43925264FE78D0032FAD6 /* PBXContainerItemProxy */;
		};
		ADF43931264FE78D0032FAD6 /* PBXTargetDependency */ = {
			isa = PBXTargetDependency;
			target = ADF43912264FE7880032FAD6 /* Noomitpad */;
			targetProxy = ADF43930264FE78D0032FAD6 /* PBXContainerItemProxy */;
		};
/* End PBXTargetDependency section */

/* Begin XCBuildConfiguration section */
		ADF43936264FE78D0032FAD6 /* Debug */ = {
			isa = XCBuildConfiguration;
			buildSettings = {
				ALWAYS_SEARCH_USER_PATHS = NO;
				CLANG_ANALYZER_NONNULL = YES;
				CLANG_ANALYZER_NUMBER_OBJECT_CONVERSION = YES_AGGRESSIVE;
				CLANG_CXX_LANGUAGE_STANDARD = "gnu++14";
				CLANG_CXX_LIBRARY = "libc++";
				CLANG_ENABLE_MODULES = YES;
				CLANG_ENABLE_OBJC_ARC = YES;
				CLANG_ENABLE_OBJC_WEAK = YES;
				CLANG_WARN_BLOCK_CAPTURE_AUTORELEASING = YES;
				CLANG_WARN_BOOL_CONVERSION = YES;
				CLANG_WARN_COMMA = YES;
				CLANG_WARN_CONSTANT_CONVERSION = YES;
				CLANG_WARN_DEPRECATED_OBJC_IMPLEMENTATIONS = YES;
				CLANG_WARN_DIRECT_OBJC_ISA_USAGE = YES_ERROR;
				CLANG_WARN_DOCUMENTATION_COMMENTS = YES;
				CLANG_WARN_EMPTY_BODY = YES;
				CLANG_WARN_ENUM_CONVERSION = YES;
				CLANG_WARN_INFINITE_RECURSION = YES;
				CLANG_WARN_INT_CONVERSION = YES;
				CLANG_WARN_NON_LITERAL_NULL_CONVERSION = YES;
				CLANG_WARN_OBJC_IMPLICIT_RETAIN_SELF = YES;
				CLANG_WARN_OBJC_LITERAL_CONVERSION = YES;
				CLANG_WARN_OBJC_ROOT_CLASS = YES_ERROR;
				CLANG_WARN_QUOTED_INCLUDE_IN_FRAMEWORK_HEADER = YES;
				CLANG_WARN_RANGE_LOOP_ANALYSIS = YES;
				CLANG_WARN_STRICT_PROTOTYPES = YES;
				CLANG_WARN_SUSPICIOUS_MOVE = YES;
				CLANG_WARN_UNGUARDED_AVAILABILITY = YES_AGGRESSIVE;
				CLANG_WARN_UNREACHABLE_CODE = YES;
				CLANG_WARN__DUPLICATE_METHOD_MATCH = YES;
				COPY_PHASE_STRIP = NO;
				DEBUG_INFORMATION_FORMAT = dwarf;
				ENABLE_STRICT_OBJC_MSGSEND = YES;
				ENABLE_TESTABILITY = YES;
				GCC_C_LANGUAGE_STANDARD = gnu11;
				GCC_DYNAMIC_NO_PIC = NO;
				GCC_NO_COMMON_BLOCKS = YES;
				GCC_OPTIMIZATION_LEVEL = 0;
				GCC_PREPROCESSOR_DEFINITIONS = (
					"DEBUG=1",
					"$(inherited)",
				);
				GCC_WARN_64_TO_32_BIT_CONVERSION = YES;
				GCC_WARN_ABOUT_RETURN_TYPE = YES_ERROR;
				GCC_WARN_UNDECLARED_SELECTOR = YES;
				GCC_WARN_UNINITIALIZED_AUTOS = YES_AGGRESSIVE;
				GCC_WARN_UNUSED_FUNCTION = YES;
				GCC_WARN_UNUSED_VARIABLE = YES;
				IPHONEOS_DEPLOYMENT_TARGET = 14.4;
				MTL_ENABLE_DEBUG_INFO = INCLUDE_SOURCE;
				MTL_FAST_MATH = YES;
				ONLY_ACTIVE_ARCH = YES;
				SDKROOT = iphoneos;
				SWIFT_ACTIVE_COMPILATION_CONDITIONS = DEBUG;
				SWIFT_OPTIMIZATION_LEVEL = "-Onone";
			};
			name = Debug;
		};
		ADF43937264FE78D0032FAD6 /* Release */ = {
			isa = XCBuildConfiguration;
			buildSettings = {
				ALWAYS_SEARCH_USER_PATHS = NO;
				CLANG_ANALYZER_NONNULL = YES;
				CLANG_ANALYZER_NUMBER_OBJECT_CONVERSION = YES_AGGRESSIVE;
				CLANG_CXX_LANGUAGE_STANDARD = "gnu++14";
				CLANG_CXX_LIBRARY = "libc++";
				CLANG_ENABLE_MODULES = YES;
				CLANG_ENABLE_OBJC_ARC = YES;
				CLANG_ENABLE_OBJC_WEAK = YES;
				CLANG_WARN_BLOCK_CAPTURE_AUTORELEASING = YES;
				CLANG_WARN_BOOL_CONVERSION = YES;
				CLANG_WARN_COMMA = YES;
				CLANG_WARN_CONSTANT_CONVERSION = YES;
				CLANG_WARN_DEPRECATED_OBJC_IMPLEMENTATIONS = YES;
				CLANG_WARN_DIRECT_OBJC_ISA_USAGE = YES_ERROR;
				CLANG_WARN_DOCUMENTATION_COMMENTS = YES;
				CLANG_WARN_EMPTY_BODY = YES;
				CLANG_WARN_ENUM_CONVERSION = YES;
				CLANG_WARN_INFINITE_RECURSION = YES;
				CLANG_WARN_INT_CONVERSION = YES;
				CLANG_WARN_NON_LITERAL_NULL_CONVERSION = YES;
				CLANG_WARN_OBJC_IMPLICIT_RETAIN_SELF = YES;
				CLANG_WARN_OBJC_LITERAL_CONVERSION = YES;
				CLANG_WARN_OBJC_ROOT_CLASS = YES_ERROR;
				CLANG_WARN_QUOTED_INCLUDE_IN_FRAMEWORK_HEADER = YES;
				CLANG_WARN_RANGE_LOOP_ANALYSIS = YES;
				CLANG_WARN_STRICT_PROTOTYPES = YES;
				CLANG_WARN_SUSPICIOUS_MOVE = YES;
				CLANG_WARN_UNGUARDED_AVAILABILITY = YES_AGGRESSIVE;
				CLANG_WARN_UNREACHABLE_CODE = YES;
				CLANG_WARN__DUPLICATE_METHOD_MATCH = YES;
				COPY_PHASE_STRIP = NO;
				DEBUG_INFORMATION_FORMAT = "dwarf-with-dsym";
				ENABLE_NS_ASSERTIONS = NO;
				ENABLE_STRICT_OBJC_MSGSEND = YES;
				GCC_C_LANGUAGE_STANDARD = gnu11;
				GCC_NO_COMMON_BLOCKS = YES;
				GCC_WARN_64_TO_32_BIT_CONVERSION = YES;
				GCC_WARN_ABOUT_RETURN_TYPE = YES_ERROR;
				GCC_WARN_UNDECLARED_SELECTOR = YES;
				GCC_WARN_UNINITIALIZED_AUTOS = YES_AGGRESSIVE;
				GCC_WARN_UNUSED_FUNCTION = YES;
				GCC_WARN_UNUSED_VARIABLE = YES;
				IPHONEOS_DEPLOYMENT_TARGET = 14.4;
				MTL_ENABLE_DEBUG_INFO = NO;
				MTL_FAST_MATH = YES;
				SDKROOT = iphoneos;
				SWIFT_COMPILATION_MODE = wholemodule;
				SWIFT_OPTIMIZATION_LEVEL = "-O";
				VALIDATE_PRODUCT = YES;
			};
			name = Release;
		};
		ADF43939264FE78D0032FAD6 /* Debug */ = {
			isa = XCBuildConfiguration;
			buildSettings = {
				ASSETCATALOG_COMPILER_APPICON_NAME = AppIcon;
				ASSETCATALOG_COMPILER_GLOBAL_ACCENT_COLOR_NAME = AccentColor;
				CODE_SIGN_STYLE = Automatic;
				DEVELOPMENT_ASSET_PATHS = "\"Noomitpad/Preview Content\"";
				DEVELOPMENT_TEAM = CVRR73VL39;
				ENABLE_PREVIEWS = YES;
				INFOPLIST_FILE = Noomitpad/Info.plist;
				IPHONEOS_DEPLOYMENT_TARGET = 14.0;
				LD_RUNPATH_SEARCH_PATHS = (
					"$(inherited)",
					"@executable_path/Frameworks",
				);
				PRODUCT_BUNDLE_IDENTIFIER = com.requarterinc.Noomitpad;
				PRODUCT_NAME = "$(TARGET_NAME)";
				SWIFT_VERSION = 5.0;
				TARGETED_DEVICE_FAMILY = "1,2";
			};
			name = Debug;
		};
		ADF4393A264FE78D0032FAD6 /* Release */ = {
			isa = XCBuildConfiguration;
			buildSettings = {
				ASSETCATALOG_COMPILER_APPICON_NAME = AppIcon;
				ASSETCATALOG_COMPILER_GLOBAL_ACCENT_COLOR_NAME = AccentColor;
				CODE_SIGN_STYLE = Automatic;
				DEVELOPMENT_ASSET_PATHS = "\"Noomitpad/Preview Content\"";
				DEVELOPMENT_TEAM = CVRR73VL39;
				ENABLE_PREVIEWS = YES;
				INFOPLIST_FILE = Noomitpad/Info.plist;
				IPHONEOS_DEPLOYMENT_TARGET = 14.0;
				LD_RUNPATH_SEARCH_PATHS = (
					"$(inherited)",
					"@executable_path/Frameworks",
				);
				PRODUCT_BUNDLE_IDENTIFIER = com.requarterinc.Noomitpad;
				PRODUCT_NAME = "$(TARGET_NAME)";
				SWIFT_VERSION = 5.0;
				TARGETED_DEVICE_FAMILY = "1,2";
			};
			name = Release;
		};
		ADF4393C264FE78D0032FAD6 /* Debug */ = {
			isa = XCBuildConfiguration;
			buildSettings = {
				ALWAYS_EMBED_SWIFT_STANDARD_LIBRARIES = YES;
				BUNDLE_LOADER = "$(TEST_HOST)";
				CODE_SIGN_STYLE = Automatic;
				DEVELOPMENT_TEAM = CVRR73VL39;
				INFOPLIST_FILE = NoomitpadTests/Info.plist;
				IPHONEOS_DEPLOYMENT_TARGET = 14.0;
				LD_RUNPATH_SEARCH_PATHS = (
					"$(inherited)",
					"@executable_path/Frameworks",
					"@loader_path/Frameworks",
				);
				PRODUCT_BUNDLE_IDENTIFIER = com.requarterinc.NoomitpadTests;
				PRODUCT_NAME = "$(TARGET_NAME)";
				SWIFT_VERSION = 5.0;
				TARGETED_DEVICE_FAMILY = "1,2";
				TEST_HOST = "$(BUILT_PRODUCTS_DIR)/Noomitpad.app/Noomitpad";
			};
			name = Debug;
		};
		ADF4393D264FE78D0032FAD6 /* Release */ = {
			isa = XCBuildConfiguration;
			buildSettings = {
				ALWAYS_EMBED_SWIFT_STANDARD_LIBRARIES = YES;
				BUNDLE_LOADER = "$(TEST_HOST)";
				CODE_SIGN_STYLE = Automatic;
				DEVELOPMENT_TEAM = CVRR73VL39;
				INFOPLIST_FILE = NoomitpadTests/Info.plist;
				IPHONEOS_DEPLOYMENT_TARGET = 14.0;
				LD_RUNPATH_SEARCH_PATHS = (
					"$(inherited)",
					"@executable_path/Frameworks",
					"@loader_path/Frameworks",
				);
				PRODUCT_BUNDLE_IDENTIFIER = com.requarterinc.NoomitpadTests;
				PRODUCT_NAME = "$(TARGET_NAME)";
				SWIFT_VERSION = 5.0;
				TARGETED_DEVICE_FAMILY = "1,2";
				TEST_HOST = "$(BUILT_PRODUCTS_DIR)/Noomitpad.app/Noomitpad";
			};
			name = Release;
		};
		ADF4393F264FE78D0032FAD6 /* Debug */ = {
			isa = XCBuildConfiguration;
			buildSettings = {
				ALWAYS_EMBED_SWIFT_STANDARD_LIBRARIES = YES;
				CODE_SIGN_STYLE = Automatic;
				DEVELOPMENT_TEAM = CVRR73VL39;
				INFOPLIST_FILE = NoomitpadUITests/Info.plist;
				LD_RUNPATH_SEARCH_PATHS = (
					"$(inherited)",
					"@executable_path/Frameworks",
					"@loader_path/Frameworks",
				);
				PRODUCT_BUNDLE_IDENTIFIER = com.requarterinc.NoomitpadUITests;
				PRODUCT_NAME = "$(TARGET_NAME)";
				SWIFT_VERSION = 5.0;
				TARGETED_DEVICE_FAMILY = "1,2";
				TEST_TARGET_NAME = Noomitpad;
			};
			name = Debug;
		};
		ADF43940264FE78D0032FAD6 /* Release */ = {
			isa = XCBuildConfiguration;
			buildSettings = {
				ALWAYS_EMBED_SWIFT_STANDARD_LIBRARIES = YES;
				CODE_SIGN_STYLE = Automatic;
				DEVELOPMENT_TEAM = CVRR73VL39;
				INFOPLIST_FILE = NoomitpadUITests/Info.plist;
				LD_RUNPATH_SEARCH_PATHS = (
					"$(inherited)",
					"@executable_path/Frameworks",
					"@loader_path/Frameworks",
				);
				PRODUCT_BUNDLE_IDENTIFIER = com.requarterinc.NoomitpadUITests;
				PRODUCT_NAME = "$(TARGET_NAME)";
				SWIFT_VERSION = 5.0;
				TARGETED_DEVICE_FAMILY = "1,2";
				TEST_TARGET_NAME = Noomitpad;
			};
			name = Release;
		};
/* End XCBuildConfiguration section */

/* Begin XCConfigurationList section */
		ADF4390E264FE7880032FAD6 /* Build configuration list for PBXProject "Noomitpad" */ = {
			isa = XCConfigurationList;
			buildConfigurations = (
				ADF43936264FE78D0032FAD6 /* Debug */,
				ADF43937264FE78D0032FAD6 /* Release */,
			);
			defaultConfigurationIsVisible = 0;
			defaultConfigurationName = Release;
		};
		ADF43938264FE78D0032FAD6 /* Build configuration list for PBXNativeTarget "Noomitpad" */ = {
			isa = XCConfigurationList;
			buildConfigurations = (
				ADF43939264FE78D0032FAD6 /* Debug */,
				ADF4393A264FE78D0032FAD6 /* Release */,
			);
			defaultConfigurationIsVisible = 0;
			defaultConfigurationName = Release;
		};
		ADF4393B264FE78D0032FAD6 /* Build configuration list for PBXNativeTarget "NoomitpadTests" */ = {
			isa = XCConfigurationList;
			buildConfigurations = (
				ADF4393C264FE78D0032FAD6 /* Debug */,
				ADF4393D264FE78D0032FAD6 /* Release */,
			);
			defaultConfigurationIsVisible = 0;
			defaultConfigurationName = Release;
		};
		ADF4393E264FE78D0032FAD6 /* Build configuration list for PBXNativeTarget "NoomitpadUITests" */ = {
			isa = XCConfigurationList;
			buildConfigurations = (
				ADF4393F264FE78D0032FAD6 /* Debug */,
				ADF43940264FE78D0032FAD6 /* Release */,
			);
			defaultConfigurationIsVisible = 0;
			defaultConfigurationName = Release;
		};
/* End XCConfigurationList section */
	};
	rootObject = ADF4390B264FE7880032FAD6 /* Project object */;
}
